
Microsoft Visual Studio Solution File, Format Version 12.00
# Visual Studio Version 17
VisualStudioVersion = 17.0.32014.148
MinimumVisualStudioVersion = 10.0.40219.1
Project("{FAE04EC0-301F-11D3-BF4B-00C04F79EFBC}") = "MiniProjectAsync", "MiniGraAsync\MiniProjectAsync.csproj", "{ADBB54EE-3AC2-40CA-91CC-F9364AB39B43}"
EndProject
Global
	GlobalSection(SolutionConfigurationPlatforms) = preSolution
		Debug|Any CPU = Debug|Any CPU
		Release|Any CPU = Release|Any CPU
	EndGlobalSection
	GlobalSection(ProjectConfigurationPlatforms) = postSolution
		{ADBB54EE-3AC2-40CA-91CC-F9364AB39B43}.Debug|Any CPU.ActiveCfg = Debug|Any CPU
		{ADBB54EE-3AC2-40CA-91CC-F9364AB39B43}.Debug|Any CPU.Build.0 = Debug|Any CPU
		{ADBB54EE-3AC2-40CA-91CC-F9364AB39B43}.Release|Any CPU.ActiveCfg = Release|Any CPU
		{ADBB54EE-3AC2-40CA-91CC-F9364AB39B43}.Release|Any CPU.Build.0 = Release|Any CPU
	EndGlobalSection
	GlobalSection(SolutionProperties) = preSolution
		HideSolutionNode = FALSE
	EndGlobalSection
	GlobalSection(ExtensibilityGlobals) = postSolution
		SolutionGuid = {75FFAA7C-A6FF-48CC-9554-B6357D842F26}
	EndGlobalSection
EndGlobal
